
Microsoft Visual Studio Solution File, Format Version 12.00
# Visual Studio Version 17
VisualStudioVersion = 17.3.32922.545
MinimumVisualStudioVersion = 10.0.40219.1
Project("{9A19103F-16F7-4668-BE54-9A1E7A4F7556}") = "CategoryProductDB", "ConsoleApp2\CategoryProductDB.csproj", "{573B56CD-EE92-41A6-B04A-D2E6C9845A5E}"
EndProject
Global
	GlobalSection(SolutionConfigurationPlatforms) = preSolution
		Debug|Any CPU = Debug|Any CPU
		Release|Any CPU = Release|Any CPU
	EndGlobalSection
	GlobalSection(ProjectConfigurationPlatforms) = postSolution
		{573B56CD-EE92-41A6-B04A-D2E6C9845A5E}.Debug|Any CPU.ActiveCfg = Debug|Any CPU
		{573B56CD-EE92-41A6-B04A-D2E6C9845A5E}.Debug|Any CPU.Build.0 = Debug|Any CPU
		{573B56CD-EE92-41A6-B04A-D2E6C9845A5E}.Release|Any CPU.ActiveCfg = Release|Any CPU
		{573B56CD-EE92-41A6-B04A-D2E6C9845A5E}.Release|Any CPU.Build.0 = Release|Any CPU
	EndGlobalSection
	GlobalSection(SolutionProperties) = preSolution
		HideSolutionNode = FALSE
	EndGlobalSection
	GlobalSection(ExtensibilityGlobals) = postSolution
		SolutionGuid = {3CB7DCB4-6571-4F4F-9C0E-210A36127597}
	EndGlobalSection
EndGlobal
